
Microsoft Visual Studio Solution File, Format Version 12.00
# Visual Studio 15
VisualStudioVersion = 15.0.27130.2024
MinimumVisualStudioVersion = 10.0.40219.1
Project("{FAE04EC0-301F-11D3-BF4B-00C04F79EFBC}") = "Planner", "Planner\Planner.csproj", "{C2CC14D9-FA6E-4B61-A3C4-0D973AC09F86}"
EndProject
Global
	GlobalSection(SolutionConfigurationPlatforms) = preSolution
		Debug|Any CPU = Debug|Any CPU
		Release|Any CPU = Release|Any CPU
	EndGlobalSection
	GlobalSection(ProjectConfigurationPlatforms) = postSolution
		{C2CC14D9-FA6E-4B61-A3C4-0D973AC09F86}.Debug|Any CPU.ActiveCfg = Debug|Any CPU
		{C2CC14D9-FA6E-4B61-A3C4-0D973AC09F86}.Debug|Any CPU.Build.0 = Debug|Any CPU
		{C2CC14D9-FA6E-4B61-A3C4-0D973AC09F86}.Release|Any CPU.ActiveCfg = Release|Any CPU
		{C2CC14D9-FA6E-4B61-A3C4-0D973AC09F86}.Release|Any CPU.Build.0 = Release|Any CPU
	EndGlobalSection
	GlobalSection(SolutionProperties) = preSolution
		HideSolutionNode = FALSE
	EndGlobalSection
	GlobalSection(ExtensibilityGlobals) = postSolution
		SolutionGuid = {2AFCDC49-9A7D-462A-AA4A-650B248BC451}
	EndGlobalSection
EndGlobal
